
Microsoft Visual Studio Solution File, Format Version 12.00
# Visual Studio Version 16
VisualStudioVersion = 16.0.28803.452
MinimumVisualStudioVersion = 10.0.40219.1
Project("{FAE04EC0-301F-11D3-BF4B-00C04F79EFBC}") = "ImageView", "ImageView.csproj", "{594F0A7B-57FD-4FF1-BD54-E47480FFED47}"
EndProject
Global
	GlobalSection(SolutionConfigurationPlatforms) = preSolution
		Debug|Any CPU = Debug|Any CPU
		Release|Any CPU = Release|Any CPU
	EndGlobalSection
	GlobalSection(ProjectConfigurationPlatforms) = postSolution
		{594F0A7B-57FD-4FF1-BD54-E47480FFED47}.Debug|Any CPU.ActiveCfg = Debug|Any CPU
		{594F0A7B-57FD-4FF1-BD54-E47480FFED47}.Debug|Any CPU.Build.0 = Debug|Any CPU
		{594F0A7B-57FD-4FF1-BD54-E47480FFED47}.Release|Any CPU.ActiveCfg = Release|Any CPU
		{594F0A7B-57FD-4FF1-BD54-E47480FFED47}.Release|Any CPU.Build.0 = Release|Any CPU
	EndGlobalSection
	GlobalSection(SolutionProperties) = preSolution
		HideSolutionNode = FALSE
	EndGlobalSection
	GlobalSection(ExtensibilityGlobals) = postSolution
		SolutionGuid = {225D281C-781B-40F4-BEA6-5BA1D3DBE0E0}
	EndGlobalSection
EndGlobal
